{
    "_readme": [
        "This file locks the dependencies of your project to a known state",
        "Read more about it at https://getcomposer.org/doc/01-basic-usage.md#installing-dependencies",
        "This file is @generated automatically"
    ],
    "content-hash": "dcccca9e52c5fcebf6cb4d98d32875ae",
    "packages": [],
    "packages-dev": [
        {
            "name": "kwn/php-rdkafka-stubs",
            "version": "v3.0.1",
            "source": {
                "type": "git",
                "url": "https://github.com/kwn/php-rdkafka-stubs.git",
                "reference": "bdd5cdc35c53e6f624e33c5ddc6bdf3cc51041ef"
            },
            "dist": {
                "type": "zip",
                "url": "https://api.github.com/repos/kwn/php-rdkafka-stubs/zipball/bdd5cdc35c53e6f624e33c5ddc6bdf3cc51041ef",
                "reference": "bdd5cdc35c53e6f624e33c5ddc6bdf3cc51041ef",
                "shasum": ""
            },
            "require": {
                "ext-rdkafka": ">=6.0"
            },
            "require-dev": {
                "phpunit/phpunit": "^8.2.4"
            },
            "type": "library",
            "notification-url": "https://packagist.org/downloads/",
            "license": [
                "MIT"
            ],
            "authors": [
                {
                    "name": "Karol Wnuk",
                    "email": "k.wnuk@ascetic.pl"
                }
            ],
            "description": "Rdkafka extension stubs for your IDE",
            "support": {
                "issues": "https://github.com/kwn/php-rdkafka-stubs/issues",
                "source": "https://github.com/kwn/php-rdkafka-stubs/tree/v3.0.1"
            },
            "time": "2026-04-01T18:48:06+00:00"
        }
    ],
    "aliases": [],
    "minimum-stability": "stable",
    "stability-flags": {},
    "prefer-stable": false,
    "prefer-lowest": false,
    "platform": {
        "ext-rdkafka": "*"
    },
    "platform-dev": {},
    "platform-overrides": {
        "ext-rdkafka": "6.0.0"
    },
    "plugin-api-version": "2.6.0"
}
